# THIS IS AN AUTOGENERATED FILE. DO NOT EDIT THIS FILE DIRECTLY.
# yarn lockfile v1


big-xml@^1.0.0:
  version "1.0.0"
  resolved "https://registry.yarnpkg.com/big-xml/-/big-xml-1.0.0.tgz#fb78b474562becea34dd1f268ea3535c705d82e8"
  dependencies:
    node-expat ">=1.4.4"

bindings@^1.2.1:
  version "1.3.0"
  resolved "https://registry.yarnpkg.com/bindings/-/bindings-1.3.0.tgz#b346f6ecf6a95f5a815c5839fc7cdb22502f1ed7"

nan@^2.3.5:
  version "2.8.0"
  resolved "https://registry.yarnpkg.com/nan/-/nan-2.8.0.tgz#ed715f3fe9de02b57a5e6252d90a96675e1f085a"

node-expat@>=1.4.4:
  version "2.3.16"
  resolved "https://registry.yarnpkg.com/node-expat/-/node-expat-2.3.16.tgz#adb22174e1aaa5305996bd5b1aa6f2c8d5c0f239"
  dependencies:
    bindings "^1.2.1"
    nan "^2.3.5"
